
Microsoft Visual Studio Solution File, Format Version 12.00
# Visual Studio Version 17
VisualStudioVersion = 17.12.35707.178
MinimumVisualStudioVersion = 10.0.40219.1
Project("{FAE04EC0-301F-11D3-BF4B-00C04F79EFBC}") = "Строительная_Компания", "Строительная_Компания\Строительная_Компания.csproj", "{52405F06-2D00-47E1-BB77-91C60E998DFF}"
EndProject
Global
	GlobalSection(SolutionConfigurationPlatforms) = preSolution
		Debug|Any CPU = Debug|Any CPU
		Release|Any CPU = Release|Any CPU
	EndGlobalSection
	GlobalSection(ProjectConfigurationPlatforms) = postSolution
		{52405F06-2D00-47E1-BB77-91C60E998DFF}.Debug|Any CPU.ActiveCfg = Debug|Any CPU
		{52405F06-2D00-47E1-BB77-91C60E998DFF}.Debug|Any CPU.Build.0 = Debug|Any CPU
		{52405F06-2D00-47E1-BB77-91C60E998DFF}.Release|Any CPU.ActiveCfg = Release|Any CPU
		{52405F06-2D00-47E1-BB77-91C60E998DFF}.Release|Any CPU.Build.0 = Release|Any CPU
	EndGlobalSection
	GlobalSection(SolutionProperties) = preSolution
		HideSolutionNode = FALSE
	EndGlobalSection
EndGlobal
